
Microsoft Visual Studio Solution File, Format Version 12.00
# Visual Studio Version 16
VisualStudioVersion = 16.0.29806.167
MinimumVisualStudioVersion = 10.0.40219.1
Project("{FAE04EC0-301F-11D3-BF4B-00C04F79EFBC}") = "Betting Machine", "Betting Machine\Betting Machine.csproj", "{E9EAF8C2-13B9-4C86-BDFE-C301E3D8990D}"
EndProject
Global
	GlobalSection(SolutionConfigurationPlatforms) = preSolution
		Debug|Any CPU = Debug|Any CPU
		Release|Any CPU = Release|Any CPU
	EndGlobalSection
	GlobalSection(ProjectConfigurationPlatforms) = postSolution
		{E9EAF8C2-13B9-4C86-BDFE-C301E3D8990D}.Debug|Any CPU.ActiveCfg = Debug|Any CPU
		{E9EAF8C2-13B9-4C86-BDFE-C301E3D8990D}.Debug|Any CPU.Build.0 = Debug|Any CPU
		{E9EAF8C2-13B9-4C86-BDFE-C301E3D8990D}.Release|Any CPU.ActiveCfg = Release|Any CPU
		{E9EAF8C2-13B9-4C86-BDFE-C301E3D8990D}.Release|Any CPU.Build.0 = Release|Any CPU
	EndGlobalSection
	GlobalSection(SolutionProperties) = preSolution
		HideSolutionNode = FALSE
	EndGlobalSection
	GlobalSection(ExtensibilityGlobals) = postSolution
		SolutionGuid = {1A9D387B-A939-45DE-99D3-EC6BB44CB920}
	EndGlobalSection
EndGlobal
